PODS:
  - PromiseLite (1.3.0)
  - PromiseLite/Tests (1.3.0)

DEPENDENCIES:
  - PromiseLite (from `../`)
  - PromiseLite/Tests (from `../`)

EXTERNAL SOURCES:
  PromiseLite:
    :path: "../"

SPEC CHECKSUMS:
  PromiseLite: ce92113e5f8d902b5c8ae54a8f48e4c3208b80a9

PODFILE CHECKSUM: 181e23f19cb714b24b3a521c2f8b736886e7dd70

COCOAPODS: 1.9.1
