PODS:
  - PromiseLite (1.5.0)
  - PromiseLite/Tests (1.5.0)

DEPENDENCIES:
  - PromiseLite (from `../`)
  - PromiseLite/Tests (from `../`)

EXTERNAL SOURCES:
  PromiseLite:
    :path: "../"

SPEC CHECKSUMS:
  PromiseLite: 1e20fc24afa6b889c00276e37e10dc74b6e5b007

PODFILE CHECKSUM: 181e23f19cb714b24b3a521c2f8b736886e7dd70

COCOAPODS: 1.9.1
