PODS:
  - PromiseLite (1.1.0)
  - PromiseLite/Tests (1.1.0)

DEPENDENCIES:
  - PromiseLite (from `../`)
  - PromiseLite/Tests (from `../`)

EXTERNAL SOURCES:
  PromiseLite:
    :path: "../"

SPEC CHECKSUMS:
  PromiseLite: c524f2c5befa5663fcbadabc1e84192a081bd62d

PODFILE CHECKSUM: da6a8a3134ebb8b1cbd0834e728aa98f2dc83681

COCOAPODS: 1.9.1
